{
  "name": "warehouse-algos-dna",
  "version": "0.1.0",
  "lockfileVersion": 1,
  "requires": true,
  "dependencies": {
    "heap": {
      "version": "0.2.5",
      "resolved": "https://registry.npmjs.org/heap/-/heap-0.2.5.tgz",
      "integrity": "sha1-cTtlWQ68xA/L7q9V6FFpQJKzmvE="
    },
    "pathfinding": {
      "version": "0.4.18",
      "resolved": "https://registry.npmjs.org/pathfinding/-/pathfinding-0.4.18.tgz",
      "integrity": "sha1-qZkPb6IrfvGW5WUbBJFlQDoEX+g=",
      "requires": {
        "heap": "0.2.5"
      }
    },
    "ramda": {
      "version": "0.25.0",
      "resolved": "https://registry.npmjs.org/ramda/-/ramda-0.25.0.tgz",
      "integrity": "sha512-GXpfrYVPwx3K7RQ6aYT8KPS8XViSXUVJT1ONhoKPE9VAleW42YE+U+8VEyGWt41EnEQW7gwecYJriTI0pKoecQ=="
    },
    "to-dna": {
      "version": "0.2.0",
      "resolved": "https://registry.npmjs.org/to-dna/-/to-dna-0.2.0.tgz",
      "integrity": "sha512-T3zWiZUbsz2pOO0ml/OjabH749PYeAi/HbR+oZvcqbilMCO0z7k7dWZdlVnVloW50gswlFH7sH67K169CiDwdA==",
      "requires": {
        "ramda": "0.25.0"
      }
    },
    "warehouse-algos-closest-neighbour": {
      "version": "0.1.0",
      "resolved": "https://registry.npmjs.org/warehouse-algos-closest-neighbour/-/warehouse-algos-closest-neighbour-0.1.0.tgz",
      "integrity": "sha512-XThZkt4swK91tGe9vE38oHDssrUBzL9ono11tFIdZWBnD6O9BYbiXt3wmGr8lCsmiiSr8WVh4SB282I2UwKkmw==",
      "dev": true,
      "requires": {
        "ramda": "0.25.0",
        "warehouse-picker-tour": "0.1.0"
      }
    },
    "warehouse-algos-ellipse": {
      "version": "0.1.0",
      "resolved": "https://registry.npmjs.org/warehouse-algos-ellipse/-/warehouse-algos-ellipse-0.1.0.tgz",
      "integrity": "sha512-/+C30DDUF2kR7mTE/TnkDwp2TnL8kpZqAb8tDt4xLv6Ud+aI96rRZ13ufMUaNNWBQCGvlG/W41e5EL91jJnPyw==",
      "dev": true,
      "requires": {
        "ramda": "0.25.0",
        "warehouse-algos-closest-neighbour": "0.1.0",
        "warehouse-picker-tour": "0.1.0"
      }
    },
    "warehouse-algos-sshaped": {
      "version": "0.1.0",
      "resolved": "https://registry.npmjs.org/warehouse-algos-sshaped/-/warehouse-algos-sshaped-0.1.0.tgz",
      "integrity": "sha512-mbMrsZ9nZTkQkPE3IpazCPAon0GN8Tyeo68Z1Hj/YErgeQlAGSqux5FShQcLpbyYunarXBvzz00GZljzRY6eBQ==",
      "dev": true,
      "requires": {
        "ramda": "0.25.0",
        "warehouse-picker-tour": "0.1.0"
      }
    },
    "warehouse-path": {
      "version": "1.0.0",
      "resolved": "https://registry.npmjs.org/warehouse-path/-/warehouse-path-1.0.0.tgz",
      "integrity": "sha512-LFYwI9oubt91eSpiiaBKv8K2dVTCdPNxqNHUHAhU8+a3IvNNUpwMiDnFOrXj8g9XUrPLJCXr9bIoSg2NekLYiA==",
      "dev": true,
      "requires": {
        "pathfinding": "0.4.18",
        "ramda": "0.25.0",
        "warehouse-algos-closest-neighbour": "0.1.0",
        "warehouse-algos-ellipse": "0.1.0",
        "warehouse-algos-sshaped": "0.1.0",
        "warehouse-picker-tour": "0.1.0"
      }
    },
    "warehouse-picker-tour": {
      "version": "0.1.0",
      "resolved": "https://registry.npmjs.org/warehouse-picker-tour/-/warehouse-picker-tour-0.1.0.tgz",
      "integrity": "sha512-TIRthL9qts0g7vONuWwg5WOliVJNIkuyEjqFmTWs7XmNIttGfyjlVrpedYQm3L5rrr/DdDKx7CtCW5vIkzrmbg==",
      "requires": {
        "pathfinding": "0.4.18",
        "ramda": "0.25.0"
      }
    }
  }
}
